Microsoft Visual Studio Solution File, Format Version 12.00
# Visual Studio Version 17
VisualStudioVersion = 17.0.31903.59
MinimumVisualStudioVersion = 10.0.40219.1
Project("{FAE04EC0-301F-11D3-BF4B-00C04F79EFBC}") = "Domain", "src/Domain/SimpleService.Domain.csproj", "{4781362C-3D63-4E4F-B816-37A4850CA521}"
EndProject
Project("{FAE04EC0-301F-11D3-BF4B-00C04F79EFBC}") = "Application", "src/Application/SimpleService.Application.csproj", "{DA31A94C-DD5C-4EDE-A3E6-3DC7802F7EE4}"
EndProject
Project("{FAE04EC0-301F-11D3-BF4B-00C04F79EFBC}") = "Infrastructure", "src/Infrastructure/SimpleService.Infrastructure.csproj", "{44EDE0B6-5BA8-4EAC-B97F-14236C6E393C}"
EndProject
Project("{FAE04EC0-301F-11D3-BF4B-00C04F79EFBC}") = "Api", "src/Api/SimpleService.Api.csproj", "{5797311D-FDB4-4AFC-9989-6EF3AF37C9D6}"
EndProject
Project("{FAE04EC0-301F-11D3-BF4B-00C04F79EFBC}") = "Tests", "tests/SimpleService.Tests.csproj", "{1D94B6AC-23B4-458E-BBA9-7E27B14B8B04}"
EndProject
Global
	GlobalSection(SolutionConfigurationPlatforms) = preSolution
		Debug|Any CPU = Debug|Any CPU
		Release|Any CPU = Release|Any CPU
	EndGlobalSection
	GlobalSection(ProjectConfigurationPlatforms) = postSolution
		{4781362C-3D63-4E4F-B816-37A4850CA521}.Debug|Any CPU.ActiveCfg = Debug|Any CPU
		{4781362C-3D63-4E4F-B816-37A4850CA521}.Debug|Any CPU.Build.0 = Debug|Any CPU
		{4781362C-3D63-4E4F-B816-37A4850CA521}.Release|Any CPU.ActiveCfg = Release|Any CPU
		{4781362C-3D63-4E4F-B816-37A4850CA521}.Release|Any CPU.Build.0 = Release|Any CPU
		{DA31A94C-DD5C-4EDE-A3E6-3DC7802F7EE4}.Debug|Any CPU.ActiveCfg = Debug|Any CPU
		{DA31A94C-DD5C-4EDE-A3E6-3DC7802F7EE4}.Debug|Any CPU.Build.0 = Debug|Any CPU
		{DA31A94C-DD5C-4EDE-A3E6-3DC7802F7EE4}.Release|Any CPU.ActiveCfg = Release|Any CPU
		{DA31A94C-DD5C-4EDE-A3E6-3DC7802F7EE4}.Release|Any CPU.Build.0 = Release|Any CPU
		{44EDE0B6-5BA8-4EAC-B97F-14236C6E393C}.Debug|Any CPU.ActiveCfg = Debug|Any CPU
		{44EDE0B6-5BA8-4EAC-B97F-14236C6E393C}.Debug|Any CPU.Build.0 = Debug|Any CPU
		{44EDE0B6-5BA8-4EAC-B97F-14236C6E393C}.Release|Any CPU.ActiveCfg = Release|Any CPU
		{44EDE0B6-5BA8-4EAC-B97F-14236C6E393C}.Release|Any CPU.Build.0 = Release|Any CPU
		{5797311D-FDB4-4AFC-9989-6EF3AF37C9D6}.Debug|Any CPU.ActiveCfg = Debug|Any CPU
		{5797311D-FDB4-4AFC-9989-6EF3AF37C9D6}.Debug|Any CPU.Build.0 = Debug|Any CPU
		{5797311D-FDB4-4AFC-9989-6EF3AF37C9D6}.Release|Any CPU.ActiveCfg = Release|Any CPU
		{5797311D-FDB4-4AFC-9989-6EF3AF37C9D6}.Release|Any CPU.Build.0 = Release|Any CPU
		{1D94B6AC-23B4-458E-BBA9-7E27B14B8B04}.Debug|Any CPU.ActiveCfg = Debug|Any CPU
		{1D94B6AC-23B4-458E-BBA9-7E27B14B8B04}.Debug|Any CPU.Build.0 = Debug|Any CPU
		{1D94B6AC-23B4-458E-BBA9-7E27B14B8B04}.Release|Any CPU.ActiveCfg = Release|Any CPU
		{1D94B6AC-23B4-458E-BBA9-7E27B14B8B04}.Release|Any CPU.Build.0 = Release|Any CPU
	EndGlobalSection
	GlobalSection(SolutionProperties) = preSolution
		HideSolutionNode = FALSE
	EndGlobalSection
EndGlobal
