Microsoft Visual Studio Solution File, Format Version 12.00
# Visual Studio Version 17
VisualStudioVersion = 17.0.31903.59
MinimumVisualStudioVersion = 10.0.40219.1
Project("{2150E333-8FDC-42A3-9474-1A3956D46DE8}") = "src", "src", "{66448982-949A-4E9E-9EFA-CED092C125CB}"
EndProject
Project("{2150E333-8FDC-42A3-9474-1A3956D46DE8}") = "Domain", "Domain", "{415E35B4-FE37-445B-9C70-115170811B93}"
EndProject
Project("{FAE04EC0-301F-11D3-BF4B-00C04F79EFBC}") = "Microservice.Domain", "src\Domain\Microservice.Domain\Microservice.Domain.csproj", "{5C9F7570-3036-466E-B4EF-3307486F3391}"
EndProject
Project("{2150E333-8FDC-42A3-9474-1A3956D46DE8}") = "CLI", "CLI", "{A1B2C3D4-E5F6-7890-ABCD-EF1234567890}"
EndProject
Project("{FAE04EC0-301F-11D3-BF4B-00C04F79EFBC}") = "MicroserviceGenerator.CLI", "src\CLI\MicroserviceGenerator.CLI\MicroserviceGenerator.CLI.csproj", "{B1C2D3E4-F5G6-7890-BCDE-F12345678901}"
EndProject
Project("{2150E333-8FDC-42A3-9474-1A3956D46DE8}") = "Core", "Core", "{C2D3E4F5-G6H7-8901-CDEF-234567890123}"
EndProject
Project("{FAE04EC0-301F-11D3-BF4B-00C04F79EFBC}") = "TemplateEngine", "src\Core\TemplateEngine\TemplateEngine.csproj", "{D3E4F5G6-H7I8-9012-DEF0-345678901234}"
EndProject
Project("{2150E333-8FDC-42A3-9474-1A3956D46DE8}") = "Modules", "Modules", "{E4F5G6H7-I8J9-0123-EF01-456789012345}"
EndProject
Project("{FAE04EC0-301F-11D3-BF4B-00C04F79EFBC}") = "DDD", "src\Modules\DDD\DDD.csproj", "{F5G6H7I8-J9K0-1234-F012-567890123456}"
EndProject
Project("{FAE04EC0-301F-11D3-BF4B-00C04F79EFBC}") = "Application", "src\Modules\Application\Application.csproj", "{A1B2C3D4-E5F6-7890-ABCD-EF1234567891}"
EndProject
Project("{FAE04EC0-301F-11D3-BF4B-00C04F79EFBC}") = "Api", "src\Modules\Api\Api.csproj", "{B2C3D4E5-F6G7-8901-BCDE-F23456789012}"
EndProject
Project("{FAE04EC0-301F-11D3-BF4B-00C04F79EFBC}") = "Tests", "src\Modules\Tests\Tests.csproj", "{C3D4E5F6-G7H8-9012-CDEF-345678901234}"
EndProject
Global
	GlobalSection(SolutionConfigurationPlatforms) = preSolution
		Debug|Any CPU = Debug|Any CPU
		Release|Any CPU = Release|Any CPU
	EndGlobalSection
	GlobalSection(SolutionProperties) = preSolution
		HideSolutionNode = FALSE
	EndGlobalSection
	GlobalSection(ProjectConfigurationPlatforms) = postSolution
		{5C9F7570-3036-466E-B4EF-3307486F3391}.Debug|Any CPU.ActiveCfg = Debug|Any CPU
		{5C9F7570-3036-466E-B4EF-3307486F3391}.Debug|Any CPU.Build.0 = Debug|Any CPU
		{5C9F7570-3036-466E-B4EF-3307486F3391}.Release|Any CPU.ActiveCfg = Release|Any CPU
		{5C9F7570-3036-466E-B4EF-3307486F3391}.Release|Any CPU.Build.0 = Release|Any CPU
		{B1C2D3E4-F5G6-7890-BCDE-F12345678901}.Debug|Any CPU.ActiveCfg = Debug|Any CPU
		{B1C2D3E4-F5G6-7890-BCDE-F12345678901}.Debug|Any CPU.Build.0 = Debug|Any CPU
		{B1C2D3E4-F5G6-7890-BCDE-F12345678901}.Release|Any CPU.ActiveCfg = Release|Any CPU
		{B1C2D3E4-F5G6-7890-BCDE-F12345678901}.Release|Any CPU.Build.0 = Release|Any CPU
		{D3E4F5G6-H7I8-9012-DEF0-345678901234}.Debug|Any CPU.ActiveCfg = Debug|Any CPU
		{D3E4F5G6-H7I8-9012-DEF0-345678901234}.Debug|Any CPU.Build.0 = Debug|Any CPU
		{D3E4F5G6-H7I8-9012-DEF0-345678901234}.Release|Any CPU.ActiveCfg = Release|Any CPU
		{D3E4F5G6-H7I8-9012-DEF0-345678901234}.Release|Any CPU.Build.0 = Release|Any CPU
		{F5G6H7I8-J9K0-1234-F012-567890123456}.Debug|Any CPU.ActiveCfg = Debug|Any CPU
		{F5G6H7I8-J9K0-1234-F012-567890123456}.Debug|Any CPU.Build.0 = Debug|Any CPU
		{F5G6H7I8-J9K0-1234-F012-567890123456}.Release|Any CPU.ActiveCfg = Release|Any CPU
		{F5G6H7I8-J9K0-1234-F012-567890123456}.Release|Any CPU.Build.0 = Release|Any CPU
		{A1B2C3D4-E5F6-7890-ABCD-EF1234567891}.Debug|Any CPU.ActiveCfg = Debug|Any CPU
		{A1B2C3D4-E5F6-7890-ABCD-EF1234567891}.Debug|Any CPU.Build.0 = Debug|Any CPU
		{A1B2C3D4-E5F6-7890-ABCD-EF1234567891}.Release|Any CPU.ActiveCfg = Release|Any CPU
		{A1B2C3D4-E5F6-7890-ABCD-EF1234567891}.Release|Any CPU.Build.0 = Release|Any CPU
		{B2C3D4E5-F6G7-8901-BCDE-F23456789012}.Debug|Any CPU.ActiveCfg = Debug|Any CPU
		{B2C3D4E5-F6G7-8901-BCDE-F23456789012}.Debug|Any CPU.Build.0 = Debug|Any CPU
		{B2C3D4E5-F6G7-8901-BCDE-F23456789012}.Release|Any CPU.ActiveCfg = Release|Any CPU
		{B2C3D4E5-F6G7-8901-BCDE-F23456789012}.Release|Any CPU.Build.0 = Release|Any CPU
		{C3D4E5F6-G7H8-9012-CDEF-345678901234}.Debug|Any CPU.ActiveCfg = Debug|Any CPU
		{C3D4E5F6-G7H8-9012-CDEF-345678901234}.Debug|Any CPU.Build.0 = Debug|Any CPU
		{C3D4E5F6-G7H8-9012-CDEF-345678901234}.Release|Any CPU.ActiveCfg = Release|Any CPU
		{C3D4E5F6-G7H8-9012-CDEF-345678901234}.Release|Any CPU.Build.0 = Release|Any CPU
	EndGlobalSection
	GlobalSection(NestedProjects) = preSolution
		{415E35B4-FE37-445B-9C70-115170811B93} = {66448982-949A-4E9E-9EFA-CED092C125CB}
		{5C9F7570-3036-466E-B4EF-3307486F3391} = {415E35B4-FE37-445B-9C70-115170811B93}
		{A1B2C3D4-E5F6-7890-ABCD-EF1234567890} = {66448982-949A-4E9E-9EFA-CED092C125CB}
		{B1C2D3E4-F5G6-7890-BCDE-F12345678901} = {A1B2C3D4-E5F6-7890-ABCD-EF1234567890}
		{C2D3E4F5-G6H7-8901-CDEF-234567890123} = {66448982-949A-4E9E-9EFA-CED092C125CB}
		{D3E4F5G6-H7I8-9012-DEF0-345678901234} = {C2D3E4F5-G6H7-8901-CDEF-234567890123}
		{E4F5G6H7-I8J9-0123-EF01-456789012345} = {66448982-949A-4E9E-9EFA-CED092C125CB}
		{F5G6H7I8-J9K0-1234-F012-567890123456} = {E4F5G6H7-I8J9-0123-EF01-456789012345}
		{A1B2C3D4-E5F6-7890-ABCD-EF1234567891} = {E4F5G6H7-I8J9-0123-EF01-456789012345}
		{B2C3D4E5-F6G7-8901-BCDE-F23456789012} = {E4F5G6H7-I8J9-0123-EF01-456789012345}
		{C3D4E5F6-G7H8-9012-CDEF-345678901234} = {E4F5G6H7-I8J9-0123-EF01-456789012345}
	EndGlobalSection
EndGlobal
