Microsoft Visual Studio Solution File, Format Version 12.00
# Visual Studio Version 17
VisualStudioVersion = 17.0.31903.59
MinimumVisualStudioVersion = 10.0.40219.1
Project("{FAE04EC0-301F-11D3-BF4B-00C04F79EFBC}") = "Domain", "src/Domain/EventStoreService.Domain.csproj", "{399F6C50-20E3-457B-8BE6-1E708F4246A8}"
EndProject
Project("{FAE04EC0-301F-11D3-BF4B-00C04F79EFBC}") = "Application", "src/Application/EventStoreService.Application.csproj", "{869F03DD-1653-4377-B569-F9FC8EE1A24F}"
EndProject
Project("{FAE04EC0-301F-11D3-BF4B-00C04F79EFBC}") = "Infrastructure", "src/Infrastructure/EventStoreService.Infrastructure.csproj", "{547DC65F-F31E-4829-A663-1C6F9DE5E103}"
EndProject
Project("{FAE04EC0-301F-11D3-BF4B-00C04F79EFBC}") = "Api", "src/Api/EventStoreService.Api.csproj", "{094ADD13-47CF-4E67-939B-F5B1C9B1394D}"
EndProject
Project("{FAE04EC0-301F-11D3-BF4B-00C04F79EFBC}") = "Tests", "tests/EventStoreService.Tests.csproj", "{7AE02390-13E4-4DC9-A451-146BBFEBA610}"
EndProject
Global
	GlobalSection(SolutionConfigurationPlatforms) = preSolution
		Debug|Any CPU = Debug|Any CPU
		Release|Any CPU = Release|Any CPU
	EndGlobalSection
	GlobalSection(ProjectConfigurationPlatforms) = postSolution
		{399F6C50-20E3-457B-8BE6-1E708F4246A8}.Debug|Any CPU.ActiveCfg = Debug|Any CPU
		{399F6C50-20E3-457B-8BE6-1E708F4246A8}.Debug|Any CPU.Build.0 = Debug|Any CPU
		{399F6C50-20E3-457B-8BE6-1E708F4246A8}.Release|Any CPU.ActiveCfg = Release|Any CPU
		{399F6C50-20E3-457B-8BE6-1E708F4246A8}.Release|Any CPU.Build.0 = Release|Any CPU
		{869F03DD-1653-4377-B569-F9FC8EE1A24F}.Debug|Any CPU.ActiveCfg = Debug|Any CPU
		{869F03DD-1653-4377-B569-F9FC8EE1A24F}.Debug|Any CPU.Build.0 = Debug|Any CPU
		{869F03DD-1653-4377-B569-F9FC8EE1A24F}.Release|Any CPU.ActiveCfg = Release|Any CPU
		{869F03DD-1653-4377-B569-F9FC8EE1A24F}.Release|Any CPU.Build.0 = Release|Any CPU
		{547DC65F-F31E-4829-A663-1C6F9DE5E103}.Debug|Any CPU.ActiveCfg = Debug|Any CPU
		{547DC65F-F31E-4829-A663-1C6F9DE5E103}.Debug|Any CPU.Build.0 = Debug|Any CPU
		{547DC65F-F31E-4829-A663-1C6F9DE5E103}.Release|Any CPU.ActiveCfg = Release|Any CPU
		{547DC65F-F31E-4829-A663-1C6F9DE5E103}.Release|Any CPU.Build.0 = Release|Any CPU
		{094ADD13-47CF-4E67-939B-F5B1C9B1394D}.Debug|Any CPU.ActiveCfg = Debug|Any CPU
		{094ADD13-47CF-4E67-939B-F5B1C9B1394D}.Debug|Any CPU.Build.0 = Debug|Any CPU
		{094ADD13-47CF-4E67-939B-F5B1C9B1394D}.Release|Any CPU.ActiveCfg = Release|Any CPU
		{094ADD13-47CF-4E67-939B-F5B1C9B1394D}.Release|Any CPU.Build.0 = Release|Any CPU
		{7AE02390-13E4-4DC9-A451-146BBFEBA610}.Debug|Any CPU.ActiveCfg = Debug|Any CPU
		{7AE02390-13E4-4DC9-A451-146BBFEBA610}.Debug|Any CPU.Build.0 = Debug|Any CPU
		{7AE02390-13E4-4DC9-A451-146BBFEBA610}.Release|Any CPU.ActiveCfg = Release|Any CPU
		{7AE02390-13E4-4DC9-A451-146BBFEBA610}.Release|Any CPU.Build.0 = Release|Any CPU
	EndGlobalSection
	GlobalSection(SolutionProperties) = preSolution
		HideSolutionNode = FALSE
	EndGlobalSection
EndGlobal
