Microsoft Visual Studio Solution File, Format Version 12.00
# Visual Studio Version 17
VisualStudioVersion = 17.0.31903.59
MinimumVisualStudioVersion = 10.0.40219.1
Project("{FAE04EC0-301F-11D3-BF4B-00C04F79EFBC}") = "Domain", "src/Domain/EventStoreService.Domain.csproj", "{DD80B3D0-C765-4D22-9B68-17C1C3E063DD}"
EndProject
Project("{FAE04EC0-301F-11D3-BF4B-00C04F79EFBC}") = "Application", "src/Application/EventStoreService.Application.csproj", "{8FB36523-C9C9-4ADF-9018-3F9BF52E6AE3}"
EndProject
Project("{FAE04EC0-301F-11D3-BF4B-00C04F79EFBC}") = "Infrastructure", "src/Infrastructure/EventStoreService.Infrastructure.csproj", "{A414F7EA-76C1-4667-894E-9E0228A63303}"
EndProject
Project("{FAE04EC0-301F-11D3-BF4B-00C04F79EFBC}") = "Api", "src/Api/EventStoreService.Api.csproj", "{AB9EBB11-6221-40FB-99EE-2BC031C4896A}"
EndProject
Project("{FAE04EC0-301F-11D3-BF4B-00C04F79EFBC}") = "Tests", "tests/EventStoreService.Tests.csproj", "{A7ABEDB1-13DD-4B7E-B84C-1B1B1E6531BF}"
EndProject
Global
	GlobalSection(SolutionConfigurationPlatforms) = preSolution
		Debug|Any CPU = Debug|Any CPU
		Release|Any CPU = Release|Any CPU
	EndGlobalSection
	GlobalSection(ProjectConfigurationPlatforms) = postSolution
		{DD80B3D0-C765-4D22-9B68-17C1C3E063DD}.Debug|Any CPU.ActiveCfg = Debug|Any CPU
		{DD80B3D0-C765-4D22-9B68-17C1C3E063DD}.Debug|Any CPU.Build.0 = Debug|Any CPU
		{DD80B3D0-C765-4D22-9B68-17C1C3E063DD}.Release|Any CPU.ActiveCfg = Release|Any CPU
		{DD80B3D0-C765-4D22-9B68-17C1C3E063DD}.Release|Any CPU.Build.0 = Release|Any CPU
		{8FB36523-C9C9-4ADF-9018-3F9BF52E6AE3}.Debug|Any CPU.ActiveCfg = Debug|Any CPU
		{8FB36523-C9C9-4ADF-9018-3F9BF52E6AE3}.Debug|Any CPU.Build.0 = Debug|Any CPU
		{8FB36523-C9C9-4ADF-9018-3F9BF52E6AE3}.Release|Any CPU.ActiveCfg = Release|Any CPU
		{8FB36523-C9C9-4ADF-9018-3F9BF52E6AE3}.Release|Any CPU.Build.0 = Release|Any CPU
		{A414F7EA-76C1-4667-894E-9E0228A63303}.Debug|Any CPU.ActiveCfg = Debug|Any CPU
		{A414F7EA-76C1-4667-894E-9E0228A63303}.Debug|Any CPU.Build.0 = Debug|Any CPU
		{A414F7EA-76C1-4667-894E-9E0228A63303}.Release|Any CPU.ActiveCfg = Release|Any CPU
		{A414F7EA-76C1-4667-894E-9E0228A63303}.Release|Any CPU.Build.0 = Release|Any CPU
		{AB9EBB11-6221-40FB-99EE-2BC031C4896A}.Debug|Any CPU.ActiveCfg = Debug|Any CPU
		{AB9EBB11-6221-40FB-99EE-2BC031C4896A}.Debug|Any CPU.Build.0 = Debug|Any CPU
		{AB9EBB11-6221-40FB-99EE-2BC031C4896A}.Release|Any CPU.ActiveCfg = Release|Any CPU
		{AB9EBB11-6221-40FB-99EE-2BC031C4896A}.Release|Any CPU.Build.0 = Release|Any CPU
		{A7ABEDB1-13DD-4B7E-B84C-1B1B1E6531BF}.Debug|Any CPU.ActiveCfg = Debug|Any CPU
		{A7ABEDB1-13DD-4B7E-B84C-1B1B1E6531BF}.Debug|Any CPU.Build.0 = Debug|Any CPU
		{A7ABEDB1-13DD-4B7E-B84C-1B1B1E6531BF}.Release|Any CPU.ActiveCfg = Release|Any CPU
		{A7ABEDB1-13DD-4B7E-B84C-1B1B1E6531BF}.Release|Any CPU.Build.0 = Release|Any CPU
	EndGlobalSection
	GlobalSection(SolutionProperties) = preSolution
		HideSolutionNode = FALSE
	EndGlobalSection
EndGlobal
