Microsoft Visual Studio Solution File, Format Version 12.00
# Visual Studio Version 17
VisualStudioVersion = 17.0.31903.59
MinimumVisualStudioVersion = 10.0.40219.1
Project("{FAE04EC0-301F-11D3-BF4B-00C04F79EFBC}") = "Domain", "src/Domain/WorkflowService.Domain.csproj", "{59ADA7D4-BD28-475E-9D5C-0DD631613738}"
EndProject
Project("{FAE04EC0-301F-11D3-BF4B-00C04F79EFBC}") = "Application", "src/Application/WorkflowService.Application.csproj", "{8DEBCB08-3EC0-4485-9500-0CA41162169D}"
EndProject
Project("{FAE04EC0-301F-11D3-BF4B-00C04F79EFBC}") = "Infrastructure", "src/Infrastructure/WorkflowService.Infrastructure.csproj", "{3F3CC781-709B-4C7E-B3D4-3BC646692650}"
EndProject
Project("{FAE04EC0-301F-11D3-BF4B-00C04F79EFBC}") = "Api", "src/Api/WorkflowService.Api.csproj", "{C3EE5B12-1B64-46AA-A0AC-11F8687EEF06}"
EndProject
Project("{FAE04EC0-301F-11D3-BF4B-00C04F79EFBC}") = "Tests", "tests/WorkflowService.Tests.csproj", "{9A205850-B0A0-4649-901D-0E329404122E}"
EndProject
Global
	GlobalSection(SolutionConfigurationPlatforms) = preSolution
		Debug|Any CPU = Debug|Any CPU
		Release|Any CPU = Release|Any CPU
	EndGlobalSection
	GlobalSection(ProjectConfigurationPlatforms) = postSolution
		{59ADA7D4-BD28-475E-9D5C-0DD631613738}.Debug|Any CPU.ActiveCfg = Debug|Any CPU
		{59ADA7D4-BD28-475E-9D5C-0DD631613738}.Debug|Any CPU.Build.0 = Debug|Any CPU
		{59ADA7D4-BD28-475E-9D5C-0DD631613738}.Release|Any CPU.ActiveCfg = Release|Any CPU
		{59ADA7D4-BD28-475E-9D5C-0DD631613738}.Release|Any CPU.Build.0 = Release|Any CPU
		{8DEBCB08-3EC0-4485-9500-0CA41162169D}.Debug|Any CPU.ActiveCfg = Debug|Any CPU
		{8DEBCB08-3EC0-4485-9500-0CA41162169D}.Debug|Any CPU.Build.0 = Debug|Any CPU
		{8DEBCB08-3EC0-4485-9500-0CA41162169D}.Release|Any CPU.ActiveCfg = Release|Any CPU
		{8DEBCB08-3EC0-4485-9500-0CA41162169D}.Release|Any CPU.Build.0 = Release|Any CPU
		{3F3CC781-709B-4C7E-B3D4-3BC646692650}.Debug|Any CPU.ActiveCfg = Debug|Any CPU
		{3F3CC781-709B-4C7E-B3D4-3BC646692650}.Debug|Any CPU.Build.0 = Debug|Any CPU
		{3F3CC781-709B-4C7E-B3D4-3BC646692650}.Release|Any CPU.ActiveCfg = Release|Any CPU
		{3F3CC781-709B-4C7E-B3D4-3BC646692650}.Release|Any CPU.Build.0 = Release|Any CPU
		{C3EE5B12-1B64-46AA-A0AC-11F8687EEF06}.Debug|Any CPU.ActiveCfg = Debug|Any CPU
		{C3EE5B12-1B64-46AA-A0AC-11F8687EEF06}.Debug|Any CPU.Build.0 = Debug|Any CPU
		{C3EE5B12-1B64-46AA-A0AC-11F8687EEF06}.Release|Any CPU.ActiveCfg = Release|Any CPU
		{C3EE5B12-1B64-46AA-A0AC-11F8687EEF06}.Release|Any CPU.Build.0 = Release|Any CPU
		{9A205850-B0A0-4649-901D-0E329404122E}.Debug|Any CPU.ActiveCfg = Debug|Any CPU
		{9A205850-B0A0-4649-901D-0E329404122E}.Debug|Any CPU.Build.0 = Debug|Any CPU
		{9A205850-B0A0-4649-901D-0E329404122E}.Release|Any CPU.ActiveCfg = Release|Any CPU
		{9A205850-B0A0-4649-901D-0E329404122E}.Release|Any CPU.Build.0 = Release|Any CPU
	EndGlobalSection
	GlobalSection(SolutionProperties) = preSolution
		HideSolutionNode = FALSE
	EndGlobalSection
EndGlobal
